
Microsoft Visual Studio Solution File, Format Version 12.00
# Visual Studio Version 17
VisualStudioVersion = 17.10.35004.147
MinimumVisualStudioVersion = 10.0.40219.1
Project("{9A19103F-16F7-4668-BE54-9A1E7A4F7556}") = "Core", "Core\Core.csproj", "{2071F658-8455-4742-8A66-8D2A6535F595}"
EndProject
Project("{9A19103F-16F7-4668-BE54-9A1E7A4F7556}") = "Tests", "Tests\Tests.csproj", "{21A9EF45-E560-486F-BE96-8AD0D2B9A8B3}"
EndProject
Global
	GlobalSection(SolutionConfigurationPlatforms) = preSolution
		Debug|Any CPU = Debug|Any CPU
		Release|Any CPU = Release|Any CPU
	EndGlobalSection
	GlobalSection(ProjectConfigurationPlatforms) = postSolution
		{2071F658-8455-4742-8A66-8D2A6535F595}.Debug|Any CPU.ActiveCfg = Debug|Any CPU
		{2071F658-8455-4742-8A66-8D2A6535F595}.Debug|Any CPU.Build.0 = Debug|Any CPU
		{2071F658-8455-4742-8A66-8D2A6535F595}.Release|Any CPU.ActiveCfg = Release|Any CPU
		{2071F658-8455-4742-8A66-8D2A6535F595}.Release|Any CPU.Build.0 = Release|Any CPU
		{21A9EF45-E560-486F-BE96-8AD0D2B9A8B3}.Debug|Any CPU.ActiveCfg = Debug|Any CPU
		{21A9EF45-E560-486F-BE96-8AD0D2B9A8B3}.Debug|Any CPU.Build.0 = Debug|Any CPU
		{21A9EF45-E560-486F-BE96-8AD0D2B9A8B3}.Release|Any CPU.ActiveCfg = Release|Any CPU
		{21A9EF45-E560-486F-BE96-8AD0D2B9A8B3}.Release|Any CPU.Build.0 = Release|Any CPU
	EndGlobalSection
	GlobalSection(SolutionProperties) = preSolution
		HideSolutionNode = FALSE
	EndGlobalSection
	GlobalSection(ExtensibilityGlobals) = postSolution
		SolutionGuid = {89363A60-C1D9-4729-A719-C400773ACEE7}
	EndGlobalSection
EndGlobal
